
Microsoft Visual Studio Solution File, Format Version 12.00
# Visual Studio 15
VisualStudioVersion = 15.0.26228.12
MinimumVisualStudioVersion = 10.0.40219.1
Project("{9A19103F-16F7-4668-BE54-9A1E7A4F7556}") = "EPiCode.Relations", "Epicode.Relations\EPiCode.Relations.csproj", "{07755379-5E84-43AC-8556-20ABDFC71BFF}"
EndProject
Project("{9A19103F-16F7-4668-BE54-9A1E7A4F7556}") = "EPiCode.Relations.Db", "Epicode.Relations.Db\EPiCode.Relations.Db.csproj", "{0A66F87C-D557-4A82-89A1-8B6764E14B07}"
EndProject
Global
	GlobalSection(SolutionConfigurationPlatforms) = preSolution
		Debug|Any CPU = Debug|Any CPU
		Release|Any CPU = Release|Any CPU
	EndGlobalSection
	GlobalSection(ProjectConfigurationPlatforms) = postSolution
		{07755379-5E84-43AC-8556-20ABDFC71BFF}.Debug|Any CPU.ActiveCfg = Debug|Any CPU
		{07755379-5E84-43AC-8556-20ABDFC71BFF}.Debug|Any CPU.Build.0 = Debug|Any CPU
		{07755379-5E84-43AC-8556-20ABDFC71BFF}.Release|Any CPU.ActiveCfg = Release|Any CPU
		{07755379-5E84-43AC-8556-20ABDFC71BFF}.Release|Any CPU.Build.0 = Release|Any CPU
		{0A66F87C-D557-4A82-89A1-8B6764E14B07}.Debug|Any CPU.ActiveCfg = Debug|Any CPU
		{0A66F87C-D557-4A82-89A1-8B6764E14B07}.Debug|Any CPU.Build.0 = Debug|Any CPU
		{0A66F87C-D557-4A82-89A1-8B6764E14B07}.Release|Any CPU.ActiveCfg = Release|Any CPU
		{0A66F87C-D557-4A82-89A1-8B6764E14B07}.Release|Any CPU.Build.0 = Release|Any CPU
	EndGlobalSection
	GlobalSection(SolutionProperties) = preSolution
		HideSolutionNode = FALSE
	EndGlobalSection
EndGlobal
